
Microsoft Visual Studio Solution File, Format Version 12.00
# Visual Studio Version 17
VisualStudioVersion = 17.14.36414.22 d17.14
MinimumVisualStudioVersion = 10.0.40219.1
Project("{FAE04EC0-301F-11D3-BF4B-00C04F79EFBC}") = "ASPCoreMVC", "ASPCoreMVC.csproj", "{417F54CB-52ED-4528-82F8-B2D4855B0D5A}"
EndProject
Global
	GlobalSection(SolutionConfigurationPlatforms) = preSolution
		Debug|Any CPU = Debug|Any CPU
		Release|Any CPU = Release|Any CPU
	EndGlobalSection
	GlobalSection(ProjectConfigurationPlatforms) = postSolution
		{417F54CB-52ED-4528-82F8-B2D4855B0D5A}.Debug|Any CPU.ActiveCfg = Debug|Any CPU
		{417F54CB-52ED-4528-82F8-B2D4855B0D5A}.Debug|Any CPU.Build.0 = Debug|Any CPU
		{417F54CB-52ED-4528-82F8-B2D4855B0D5A}.Release|Any CPU.ActiveCfg = Release|Any CPU
		{417F54CB-52ED-4528-82F8-B2D4855B0D5A}.Release|Any CPU.Build.0 = Release|Any CPU
	EndGlobalSection
	GlobalSection(SolutionProperties) = preSolution
		HideSolutionNode = FALSE
	EndGlobalSection
	GlobalSection(ExtensibilityGlobals) = postSolution
		SolutionGuid = {E2014576-4764-47CA-AB01-E952E988616F}
	EndGlobalSection
EndGlobal
